# This file is automatically @generated by Cargo.
# It is not intended for manual editing.
version = 4

[[package]]
name = "path_provider"
version = "0.0.1"
dependencies = [
 "sysdirs",
]

[[package]]
name = "sysdirs"
version = "0.9.4"
source = "registry+https://github.com/rust-lang/crates.io-index"
checksum = "7578b3743c69fccacb467648b3755cbee8fcef4cc9a4c8d75b0211cc082e1d20"
